{
  "nodes": {
    "fennel-src": {
      "flake": false,
      "locked": {
        "lastModified": 1785933512,
        "narHash": "sha256-eoUBa5IftQXtDDzutoSSrp2f7m8DhFL+/GKCsowhhe8=",
        "owner": "reo101",
        "repo": "Fennel",
        "rev": "ede156f495137a8b114dfc6af4b012ff69085f47",
        "type": "github"
      },
      "original": {
        "owner": "reo101",
        "ref": "feat/discard-rebased",
        "repo": "Fennel",
        "type": "github"
      }
    },
    "flake-parts": {
      "inputs": {
        "nixpkgs-lib": [
          "nixpkgs"
        ]
      },
      "locked": {
        "lastModified": 1785627969,
        "narHash": "sha256-4dtXQk/NMePegK/nWp5NSeuZKLATItOq61lpEvmXqGw=",
        "owner": "hercules-ci",
        "repo": "flake-parts",
        "rev": "427bf4bd9435fdf21321c8cc628c24efc14c0f7a",
        "type": "github"
      },
      "original": {
        "owner": "hercules-ci",
        "repo": "flake-parts",
        "type": "github"
      }
    },
    "neovim-nightly-overlay": {
      "inputs": {
        "flake-parts": [
          "flake-parts"
        ],
        "neovim-src": "neovim-src",
        "nixpkgs": [
          "nixpkgs"
        ]
      },
      "locked": {
        "lastModified": 1785801826,
        "narHash": "sha256-2JshMXvss6Eh7IGqxS6BPEu1hkshvcU6Nx8OXH32HN0=",
        "owner": "nix-community",
        "repo": "neovim-nightly-overlay",
        "rev": "00cf9a1fc42e2701bc5b72b56dc440eaab8363d2",
        "type": "github"
      },
      "original": {
        "owner": "nix-community",
        "repo": "neovim-nightly-overlay",
        "type": "github"
      }
    },
    "neovim-src": {
      "flake": false,
      "locked": {
        "lastModified": 1785800589,
        "narHash": "sha256-pHPgTb+t7i7gpm7rbyjbRoGaGZzrkEWfCjb4RjXamto=",
        "owner": "neovim",
        "repo": "neovim",
        "rev": "21a0227d2f654ddc568c3733e72150021cd84a6b",
        "type": "github"
      },
      "original": {
        "owner": "neovim",
        "repo": "neovim",
        "type": "github"
      }
    },
    "nixpkgs": {
      "locked": {
        "lastModified": 1782847189,
        "narHash": "sha256-twXPFqFsrrY5r28Zh7Homgcp2gUMBgQ6WDS98Q/3xFI=",
        "owner": "NixOS",
        "repo": "nixpkgs",
        "rev": "b6018f87da91d19d0ab4cf979885689b469cdd41",
        "type": "github"
      },
      "original": {
        "owner": "NixOS",
        "ref": "nixos-25.11",
        "repo": "nixpkgs",
        "type": "github"
      }
    },
    "root": {
      "inputs": {
        "fennel-src": "fennel-src",
        "flake-parts": "flake-parts",
        "neovim-nightly-overlay": "neovim-nightly-overlay",
        "nixpkgs": "nixpkgs",
        "systems": "systems"
      }
    },
    "systems": {
      "locked": {
        "lastModified": 1681028828,
        "narHash": "sha256-Vy1rq5AaRuLzOxct8nz4T6wlgyUR7zLU309k9mBC768=",
        "owner": "nix-systems",
        "repo": "default",
        "rev": "da67096a3b9bf56a91d16901293e51ba5b49a27e",
        "type": "github"
      },
      "original": {
        "owner": "nix-systems",
        "repo": "default",
        "type": "github"
      }
    }
  },
  "root": "root",
  "version": 7
}
